// !$*UTF8*$!
{
	archiveVersion = 1;
	classes = {
	};
	objectVersion = 56;
	objects = {

/* Begin PBXBuildFile section */
		89651FAB29899484006F3CB7 /* AppDelegate.swift in Sources */ = {isa = PBXBuildFile; fileRef = 89651FAA29899484006F3CB7 /* AppDelegate.swift */; };
		89651FB529899484006F3CB7 /* LentaRSSFeedReader.xcdatamodeld in Sources */ = {isa = PBXBuildFile; fileRef = 89651FB329899484006F3CB7 /* LentaRSSFeedReader.xcdatamodeld */; };
		89651FB729899486006F3CB7 /* Assets.xcassets in Resources */ = {isa = PBXBuildFile; fileRef = 89651FB629899486006F3CB7 /* Assets.xcassets */; };
		89651FBA29899486006F3CB7 /* LaunchScreen.storyboard in Resources */ = {isa = PBXBuildFile; fileRef = 89651FB829899486006F3CB7 /* LaunchScreen.storyboard */; };
		89651FC42989A63C006F3CB7 /* NewsFeedViewController.swift in Sources */ = {isa = PBXBuildFile; fileRef = 89651FC32989A63C006F3CB7 /* NewsFeedViewController.swift */; };
		89651FC72989A68C006F3CB7 /* CustomRSSParser.swift in Sources */ = {isa = PBXBuildFile; fileRef = 89651FC62989A68C006F3CB7 /* CustomRSSParser.swift */; };
		89651FCB2989A753006F3CB7 /* Contents.swift in Sources */ = {isa = PBXBuildFile; fileRef = 89651FCA2989A753006F3CB7 /* Contents.swift */; };
		89651FCD298B3C24006F3CB7 /* NewsCellStructure.swift in Sources */ = {isa = PBXBuildFile; fileRef = 89651FCC298B3C24006F3CB7 /* NewsCellStructure.swift */; };
		89651FCF298B3D11006F3CB7 /* NewsFeedView.swift in Sources */ = {isa = PBXBuildFile; fileRef = 89651FCE298B3D11006F3CB7 /* NewsFeedView.swift */; };
		89651FD2298B3D9A006F3CB7 /* NewsCell.swift in Sources */ = {isa = PBXBuildFile; fileRef = 89651FD1298B3D9A006F3CB7 /* NewsCell.swift */; };
		89651FD4298B3F78006F3CB7 /* NewsFeedViewController+TableView.swift in Sources */ = {isa = PBXBuildFile; fileRef = 89651FD3298B3F78006F3CB7 /* NewsFeedViewController+TableView.swift */; };
		89651FD6298C1EDF006F3CB7 /* NewsFeedViewController+Extension.swift in Sources */ = {isa = PBXBuildFile; fileRef = 89651FD5298C1EDF006F3CB7 /* NewsFeedViewController+Extension.swift */; };
		89651FD8298C1F18006F3CB7 /* NewsFeedPresenter.swift in Sources */ = {isa = PBXBuildFile; fileRef = 89651FD7298C1F18006F3CB7 /* NewsFeedPresenter.swift */; };
		89651FDA298C1F25006F3CB7 /* NewsFeedBuilder.swift in Sources */ = {isa = PBXBuildFile; fileRef = 89651FD9298C1F25006F3CB7 /* NewsFeedBuilder.swift */; };
		89651FDC298C20F1006F3CB7 /* NewsFeedRepository.swift in Sources */ = {isa = PBXBuildFile; fileRef = 89651FDB298C20F1006F3CB7 /* NewsFeedRepository.swift */; };
		89651FDF298C2565006F3CB7 /* CustomError.swift in Sources */ = {isa = PBXBuildFile; fileRef = 89651FDE298C2565006F3CB7 /* CustomError.swift */; };
		89651FE1298C3886006F3CB7 /* CustomDateFormatter.swift in Sources */ = {isa = PBXBuildFile; fileRef = 89651FE0298C3886006F3CB7 /* CustomDateFormatter.swift */; };
		89651FE3298C6949006F3CB7 /* NavBarFormatter.swift in Sources */ = {isa = PBXBuildFile; fileRef = 89651FE2298C6949006F3CB7 /* NavBarFormatter.swift */; };
		89651FE6298C6AA4006F3CB7 /* LatoFont.swift in Sources */ = {isa = PBXBuildFile; fileRef = 89651FE5298C6AA4006F3CB7 /* LatoFont.swift */; };
		89651FEA298C6ABB006F3CB7 /* Lato-Bold.ttf in Resources */ = {isa = PBXBuildFile; fileRef = 89651FE7298C6ABB006F3CB7 /* Lato-Bold.ttf */; };
		89651FEB298C6ABB006F3CB7 /* Lato-Light.ttf in Resources */ = {isa = PBXBuildFile; fileRef = 89651FE8298C6ABB006F3CB7 /* Lato-Light.ttf */; };
		89651FEC298C6ABB006F3CB7 /* Lato-Regular.ttf in Resources */ = {isa = PBXBuildFile; fileRef = 89651FE9298C6ABB006F3CB7 /* Lato-Regular.ttf */; };
		89651FEE298C6B6C006F3CB7 /* Fonts.swift in Sources */ = {isa = PBXBuildFile; fileRef = 89651FED298C6B6C006F3CB7 /* Fonts.swift */; };
		89651FF0298C6E9E006F3CB7 /* Images.swift in Sources */ = {isa = PBXBuildFile; fileRef = 89651FEF298C6E9E006F3CB7 /* Images.swift */; };
		89651FF2298C6F40006F3CB7 /* Colors.swift in Sources */ = {isa = PBXBuildFile; fileRef = 89651FF1298C6F40006F3CB7 /* Colors.swift */; };
		89651FF4298C700B006F3CB7 /* Constants.swift in Sources */ = {isa = PBXBuildFile; fileRef = 89651FF3298C700B006F3CB7 /* Constants.swift */; };
		DD4FC718A3DC659489EF069E /* Pods_LentaRSSFeedReader.framework in Frameworks */ = {isa = PBXBuildFile; fileRef = 7ECB58CA10A12FDCAAAFB65D /* Pods_LentaRSSFeedReader.framework */; };
/* End PBXBuildFile section */

/* Begin PBXFileReference section */
		0C1A5E6E42669D340098D5D9 /* Pods-LentaRSSFeedReader.debug.xcconfig */ = {isa = PBXFileReference; includeInIndex = 1; lastKnownFileType = text.xcconfig; name = "Pods-LentaRSSFeedReader.debug.xcconfig"; path = "Target Support Files/Pods-LentaRSSFeedReader/Pods-LentaRSSFeedReader.debug.xcconfig"; sourceTree = "<group>"; };
		7ECB58CA10A12FDCAAAFB65D /* Pods_LentaRSSFeedReader.framework */ = {isa = PBXFileReference; explicitFileType = wrapper.framework; includeInIndex = 0; path = Pods_LentaRSSFeedReader.framework; sourceTree = BUILT_PRODUCTS_DIR; };
		89651FA729899484006F3CB7 /* LentaRSSFeedReader.app */ = {isa = PBXFileReference; explicitFileType = wrapper.application; includeInIndex = 0; path = LentaRSSFeedReader.app; sourceTree = BUILT_PRODUCTS_DIR; };
		89651FAA29899484006F3CB7 /* AppDelegate.swift */ = {isa = PBXFileReference; lastKnownFileType = sourcecode.swift; path = AppDelegate.swift; sourceTree = "<group>"; };
		89651FB429899484006F3CB7 /* LentaRSSFeedReader.xcdatamodel */ = {isa = PBXFileReference; lastKnownFileType = wrapper.xcdatamodel; path = LentaRSSFeedReader.xcdatamodel; sourceTree = "<group>"; };
		89651FB629899486006F3CB7 /* Assets.xcassets */ = {isa = PBXFileReference; lastKnownFileType = folder.assetcatalog; path = Assets.xcassets; sourceTree = "<group>"; };
		89651FB929899486006F3CB7 /* Base */ = {isa = PBXFileReference; lastKnownFileType = file.storyboard; name = Base; path = Base.lproj/LaunchScreen.storyboard; sourceTree = "<group>"; };
		89651FBB29899486006F3CB7 /* Info.plist */ = {isa = PBXFileReference; lastKnownFileType = text.plist.xml; path = Info.plist; sourceTree = "<group>"; };
		89651FC32989A63C006F3CB7 /* NewsFeedViewController.swift */ = {isa = PBXFileReference; lastKnownFileType = sourcecode.swift; path = NewsFeedViewController.swift; sourceTree = "<group>"; };
		89651FC62989A68C006F3CB7 /* CustomRSSParser.swift */ = {isa = PBXFileReference; lastKnownFileType = sourcecode.swift; path = CustomRSSParser.swift; sourceTree = "<group>"; };
		89651FCA2989A753006F3CB7 /* Contents.swift */ = {isa = PBXFileReference; lastKnownFileType = sourcecode.swift; path = Contents.swift; sourceTree = "<group>"; };
		89651FCC298B3C24006F3CB7 /* NewsCellStructure.swift */ = {isa = PBXFileReference; lastKnownFileType = sourcecode.swift; path = NewsCellStructure.swift; sourceTree = "<group>"; };
		89651FCE298B3D11006F3CB7 /* NewsFeedView.swift */ = {isa = PBXFileReference; lastKnownFileType = sourcecode.swift; path = NewsFeedView.swift; sourceTree = "<group>"; };
		89651FD1298B3D9A006F3CB7 /* NewsCell.swift */ = {isa = PBXFileReference; lastKnownFileType = sourcecode.swift; path = NewsCell.swift; sourceTree = "<group>"; };
		89651FD3298B3F78006F3CB7 /* NewsFeedViewController+TableView.swift */ = {isa = PBXFileReference; lastKnownFileType = sourcecode.swift; path = "NewsFeedViewController+TableView.swift"; sourceTree = "<group>"; };
		89651FD5298C1EDF006F3CB7 /* NewsFeedViewController+Extension.swift */ = {isa = PBXFileReference; lastKnownFileType = sourcecode.swift; path = "NewsFeedViewController+Extension.swift"; sourceTree = "<group>"; };
		89651FD7298C1F18006F3CB7 /* NewsFeedPresenter.swift */ = {isa = PBXFileReference; lastKnownFileType = sourcecode.swift; path = NewsFeedPresenter.swift; sourceTree = "<group>"; };
		89651FD9298C1F25006F3CB7 /* NewsFeedBuilder.swift */ = {isa = PBXFileReference; lastKnownFileType = sourcecode.swift; path = NewsFeedBuilder.swift; sourceTree = "<group>"; };
		89651FDB298C20F1006F3CB7 /* NewsFeedRepository.swift */ = {isa = PBXFileReference; lastKnownFileType = sourcecode.swift; path = NewsFeedRepository.swift; sourceTree = "<group>"; };
		89651FDE298C2565006F3CB7 /* CustomError.swift */ = {isa = PBXFileReference; lastKnownFileType = sourcecode.swift; path = CustomError.swift; sourceTree = "<group>"; };
		89651FE0298C3886006F3CB7 /* CustomDateFormatter.swift */ = {isa = PBXFileReference; lastKnownFileType = sourcecode.swift; path = CustomDateFormatter.swift; sourceTree = "<group>"; };
		89651FE2298C6949006F3CB7 /* NavBarFormatter.swift */ = {isa = PBXFileReference; lastKnownFileType = sourcecode.swift; path = NavBarFormatter.swift; sourceTree = "<group>"; };
		89651FE5298C6AA4006F3CB7 /* LatoFont.swift */ = {isa = PBXFileReference; lastKnownFileType = sourcecode.swift; path = LatoFont.swift; sourceTree = "<group>"; };
		89651FE7298C6ABB006F3CB7 /* Lato-Bold.ttf */ = {isa = PBXFileReference; lastKnownFileType = file; name = "Lato-Bold.ttf"; path = "../../../../../../Downloads/Lato-Bold.ttf"; sourceTree = "<group>"; };
		89651FE8298C6ABB006F3CB7 /* Lato-Light.ttf */ = {isa = PBXFileReference; lastKnownFileType = file; name = "Lato-Light.ttf"; path = "../../../../../../Downloads/Lato-Light.ttf"; sourceTree = "<group>"; };
		89651FE9298C6ABB006F3CB7 /* Lato-Regular.ttf */ = {isa = PBXFileReference; lastKnownFileType = file; name = "Lato-Regular.ttf"; path = "../../../../../../Downloads/Lato-Regular.ttf"; sourceTree = "<group>"; };
		89651FED298C6B6C006F3CB7 /* Fonts.swift */ = {isa = PBXFileReference; lastKnownFileType = sourcecode.swift; path = Fonts.swift; sourceTree = "<group>"; };
		89651FEF298C6E9E006F3CB7 /* Images.swift */ = {isa = PBXFileReference; lastKnownFileType = sourcecode.swift; path = Images.swift; sourceTree = "<group>"; };
		89651FF1298C6F40006F3CB7 /* Colors.swift */ = {isa = PBXFileReference; lastKnownFileType = sourcecode.swift; path = Colors.swift; sourceTree = "<group>"; };
		89651FF3298C700B006F3CB7 /* Constants.swift */ = {isa = PBXFileReference; lastKnownFileType = sourcecode.swift; path = Constants.swift; sourceTree = "<group>"; };
		8DECE9873AE680E7E069CD0C /* Pods-LentaRSSFeedReader.release.xcconfig */ = {isa = PBXFileReference; includeInIndex = 1; lastKnownFileType = text.xcconfig; name = "Pods-LentaRSSFeedReader.release.xcconfig"; path = "Target Support Files/Pods-LentaRSSFeedReader/Pods-LentaRSSFeedReader.release.xcconfig"; sourceTree = "<group>"; };
/* End PBXFileReference section */

/* Begin PBXFrameworksBuildPhase section */
		89651FA429899484006F3CB7 /* Frameworks */ = {
			isa = PBXFrameworksBuildPhase;
			buildActionMask = 2147483647;
			files = (
				DD4FC718A3DC659489EF069E /* Pods_LentaRSSFeedReader.framework in Frameworks */,
			);
			runOnlyForDeploymentPostprocessing = 0;
		};
/* End PBXFrameworksBuildPhase section */

/* Begin PBXGroup section */
		89651F9E29899484006F3CB7 = {
			isa = PBXGroup;
			children = (
				89651FA929899484006F3CB7 /* LentaRSSFeedReader */,
				89651FA829899484006F3CB7 /* Products */,
				FBEE34F4E68E97670B5C6684 /* Pods */,
				A5B6C9E824BCB9603ABF4AE1 /* Frameworks */,
			);
			sourceTree = "<group>";
		};
		89651FA829899484006F3CB7 /* Products */ = {
			isa = PBXGroup;
			children = (
				89651FA729899484006F3CB7 /* LentaRSSFeedReader.app */,
			);
			name = Products;
			sourceTree = "<group>";
		};
		89651FA929899484006F3CB7 /* LentaRSSFeedReader */ = {
			isa = PBXGroup;
			children = (
				89651FDD298C255A006F3CB7 /* CustomTools */,
				89651FC82989A6E9006F3CB7 /* ContentTemplates */,
				89651FC92989A6F0006F3CB7 /* CoreData */,
				89651FC52989A67E006F3CB7 /* NetworkTools */,
				89651FC12989A604006F3CB7 /* NewsFeedViewController */,
				89651FC22989A612006F3CB7 /* NewsArticleViewController */,
				89651FAA29899484006F3CB7 /* AppDelegate.swift */,
				89651FB629899486006F3CB7 /* Assets.xcassets */,
				89651FB829899486006F3CB7 /* LaunchScreen.storyboard */,
				89651FBB29899486006F3CB7 /* Info.plist */,
			);
			path = LentaRSSFeedReader;
			sourceTree = "<group>";
		};
		89651FC12989A604006F3CB7 /* NewsFeedViewController */ = {
			isa = PBXGroup;
			children = (
				89651FDB298C20F1006F3CB7 /* NewsFeedRepository.swift */,
				89651FC32989A63C006F3CB7 /* NewsFeedViewController.swift */,
				89651FD5298C1EDF006F3CB7 /* NewsFeedViewController+Extension.swift */,
				89651FD3298B3F78006F3CB7 /* NewsFeedViewController+TableView.swift */,
				89651FCE298B3D11006F3CB7 /* NewsFeedView.swift */,
				89651FD7298C1F18006F3CB7 /* NewsFeedPresenter.swift */,
				89651FD9298C1F25006F3CB7 /* NewsFeedBuilder.swift */,
				89651FD0298B3D7A006F3CB7 /* Cells */,
			);
			path = NewsFeedViewController;
			sourceTree = "<group>";
		};
		89651FC22989A612006F3CB7 /* NewsArticleViewController */ = {
			isa = PBXGroup;
			children = (
			);
			path = NewsArticleViewController;
			sourceTree = "<group>";
		};
		89651FC52989A67E006F3CB7 /* NetworkTools */ = {
			isa = PBXGroup;
			children = (
				89651FC62989A68C006F3CB7 /* CustomRSSParser.swift */,
			);
			path = NetworkTools;
			sourceTree = "<group>";
		};
		89651FC82989A6E9006F3CB7 /* ContentTemplates */ = {
			isa = PBXGroup;
			children = (
				89651FE4298C6A91006F3CB7 /* LatoFont */,
				89651FCA2989A753006F3CB7 /* Contents.swift */,
				89651FED298C6B6C006F3CB7 /* Fonts.swift */,
				89651FEF298C6E9E006F3CB7 /* Images.swift */,
				89651FF1298C6F40006F3CB7 /* Colors.swift */,
				89651FF3298C700B006F3CB7 /* Constants.swift */,
			);
			path = ContentTemplates;
			sourceTree = "<group>";
		};
		89651FC92989A6F0006F3CB7 /* CoreData */ = {
			isa = PBXGroup;
			children = (
				89651FB329899484006F3CB7 /* LentaRSSFeedReader.xcdatamodeld */,
			);
			path = CoreData;
			sourceTree = "<group>";
		};
		89651FD0298B3D7A006F3CB7 /* Cells */ = {
			isa = PBXGroup;
			children = (
				89651FCC298B3C24006F3CB7 /* NewsCellStructure.swift */,
				89651FD1298B3D9A006F3CB7 /* NewsCell.swift */,
			);
			path = Cells;
			sourceTree = "<group>";
		};
		89651FDD298C255A006F3CB7 /* CustomTools */ = {
			isa = PBXGroup;
			children = (
				89651FDE298C2565006F3CB7 /* CustomError.swift */,
				89651FE0298C3886006F3CB7 /* CustomDateFormatter.swift */,
				89651FE2298C6949006F3CB7 /* NavBarFormatter.swift */,
			);
			path = CustomTools;
			sourceTree = "<group>";
		};
		89651FE4298C6A91006F3CB7 /* LatoFont */ = {
			isa = PBXGroup;
			children = (
				89651FE7298C6ABB006F3CB7 /* Lato-Bold.ttf */,
				89651FE8298C6ABB006F3CB7 /* Lato-Light.ttf */,
				89651FE9298C6ABB006F3CB7 /* Lato-Regular.ttf */,
				89651FE5298C6AA4006F3CB7 /* LatoFont.swift */,
			);
			path = LatoFont;
			sourceTree = "<group>";
		};
		A5B6C9E824BCB9603ABF4AE1 /* Frameworks */ = {
			isa = PBXGroup;
			children = (
				7ECB58CA10A12FDCAAAFB65D /* Pods_LentaRSSFeedReader.framework */,
			);
			name = Frameworks;
			sourceTree = "<group>";
		};
		FBEE34F4E68E97670B5C6684 /* Pods */ = {
			isa = PBXGroup;
			children = (
				0C1A5E6E42669D340098D5D9 /* Pods-LentaRSSFeedReader.debug.xcconfig */,
				8DECE9873AE680E7E069CD0C /* Pods-LentaRSSFeedReader.release.xcconfig */,
			);
			path = Pods;
			sourceTree = "<group>";
		};
/* End PBXGroup section */

/* Begin PBXNativeTarget section */
		89651FA629899484006F3CB7 /* LentaRSSFeedReader */ = {
			isa = PBXNativeTarget;
			buildConfigurationList = 89651FBE29899486006F3CB7 /* Build configuration list for PBXNativeTarget "LentaRSSFeedReader" */;
			buildPhases = (
				346122B42EC575EC1CAD7F1F /* [CP] Check Pods Manifest.lock */,
				89651FA329899484006F3CB7 /* Sources */,
				89651FA429899484006F3CB7 /* Frameworks */,
				89651FA529899484006F3CB7 /* Resources */,
				7B6ECD92EA1CD2A88BB99F8A /* [CP] Embed Pods Frameworks */,
			);
			buildRules = (
			);
			dependencies = (
			);
			name = LentaRSSFeedReader;
			productName = LentaRSSFeedReader;
			productReference = 89651FA729899484006F3CB7 /* LentaRSSFeedReader.app */;
			productType = "com.apple.product-type.application";
		};
/* End PBXNativeTarget section */

/* Begin PBXProject section */
		89651F9F29899484006F3CB7 /* Project object */ = {
			isa = PBXProject;
			attributes = {
				BuildIndependentTargetsInParallel = 1;
				LastSwiftUpdateCheck = 1410;
				LastUpgradeCheck = 1410;
				TargetAttributes = {
					89651FA629899484006F3CB7 = {
						CreatedOnToolsVersion = 14.1;
					};
				};
			};
			buildConfigurationList = 89651FA229899484006F3CB7 /* Build configuration list for PBXProject "LentaRSSFeedReader" */;
			compatibilityVersion = "Xcode 14.0";
			developmentRegion = en;
			hasScannedForEncodings = 0;
			knownRegions = (
				en,
				Base,
			);
			mainGroup = 89651F9E29899484006F3CB7;
			productRefGroup = 89651FA829899484006F3CB7 /* Products */;
			projectDirPath = "";
			projectRoot = "";
			targets = (
				89651FA629899484006F3CB7 /* LentaRSSFeedReader */,
			);
		};
/* End PBXProject section */

/* Begin PBXResourcesBuildPhase section */
		89651FA529899484006F3CB7 /* Resources */ = {
			isa = PBXResourcesBuildPhase;
			buildActionMask = 2147483647;
			files = (
				89651FBA29899486006F3CB7 /* LaunchScreen.storyboard in Resources */,
				89651FEA298C6ABB006F3CB7 /* Lato-Bold.ttf in Resources */,
				89651FEC298C6ABB006F3CB7 /* Lato-Regular.ttf in Resources */,
				89651FB729899486006F3CB7 /* Assets.xcassets in Resources */,
				89651FEB298C6ABB006F3CB7 /* Lato-Light.ttf in Resources */,
			);
			runOnlyForDeploymentPostprocessing = 0;
		};
/* End PBXResourcesBuildPhase section */

/* Begin PBXShellScriptBuildPhase section */
		346122B42EC575EC1CAD7F1F /* [CP] Check Pods Manifest.lock */ = {
			isa = PBXShellScriptBuildPhase;
			buildActionMask = 2147483647;
			files = (
			);
			inputFileListPaths = (
			);
			inputPaths = (
				"${PODS_PODFILE_DIR_PATH}/Podfile.lock",
				"${PODS_ROOT}/Manifest.lock",
			);
			name = "[CP] Check Pods Manifest.lock";
			outputFileListPaths = (
			);
			outputPaths = (
				"$(DERIVED_FILE_DIR)/Pods-LentaRSSFeedReader-checkManifestLockResult.txt",
			);
			runOnlyForDeploymentPostprocessing = 0;
			shellPath = /bin/sh;
			shellScript = "diff \"${PODS_PODFILE_DIR_PATH}/Podfile.lock\" \"${PODS_ROOT}/Manifest.lock\" > /dev/null\nif [ $? != 0 ] ; then\n    # print error to STDERR\n    echo \"error: The sandbox is not in sync with the Podfile.lock. Run 'pod install' or update your CocoaPods installation.\" >&2\n    exit 1\nfi\n# This output is used by Xcode 'outputs' to avoid re-running this script phase.\necho \"SUCCESS\" > \"${SCRIPT_OUTPUT_FILE_0}\"\n";
			showEnvVarsInLog = 0;
		};
		7B6ECD92EA1CD2A88BB99F8A /* [CP] Embed Pods Frameworks */ = {
			isa = PBXShellScriptBuildPhase;
			buildActionMask = 2147483647;
			files = (
			);
			inputFileListPaths = (
				"${PODS_ROOT}/Target Support Files/Pods-LentaRSSFeedReader/Pods-LentaRSSFeedReader-frameworks-${CONFIGURATION}-input-files.xcfilelist",
			);
			name = "[CP] Embed Pods Frameworks";
			outputFileListPaths = (
				"${PODS_ROOT}/Target Support Files/Pods-LentaRSSFeedReader/Pods-LentaRSSFeedReader-frameworks-${CONFIGURATION}-output-files.xcfilelist",
			);
			runOnlyForDeploymentPostprocessing = 0;
			shellPath = /bin/sh;
			shellScript = "\"${PODS_ROOT}/Target Support Files/Pods-LentaRSSFeedReader/Pods-LentaRSSFeedReader-frameworks.sh\"\n";
			showEnvVarsInLog = 0;
		};
/* End PBXShellScriptBuildPhase section */

/* Begin PBXSourcesBuildPhase section */
		89651FA329899484006F3CB7 /* Sources */ = {
			isa = PBXSourcesBuildPhase;
			buildActionMask = 2147483647;
			files = (
				89651FDA298C1F25006F3CB7 /* NewsFeedBuilder.swift in Sources */,
				89651FF2298C6F40006F3CB7 /* Colors.swift in Sources */,
				89651FCD298B3C24006F3CB7 /* NewsCellStructure.swift in Sources */,
				89651FC72989A68C006F3CB7 /* CustomRSSParser.swift in Sources */,
				89651FDF298C2565006F3CB7 /* CustomError.swift in Sources */,
				89651FE6298C6AA4006F3CB7 /* LatoFont.swift in Sources */,
				89651FDC298C20F1006F3CB7 /* NewsFeedRepository.swift in Sources */,
				89651FE1298C3886006F3CB7 /* CustomDateFormatter.swift in Sources */,
				89651FCB2989A753006F3CB7 /* Contents.swift in Sources */,
				89651FD4298B3F78006F3CB7 /* NewsFeedViewController+TableView.swift in Sources */,
				89651FAB29899484006F3CB7 /* AppDelegate.swift in Sources */,
				89651FF4298C700B006F3CB7 /* Constants.swift in Sources */,
				89651FCF298B3D11006F3CB7 /* NewsFeedView.swift in Sources */,
				89651FF0298C6E9E006F3CB7 /* Images.swift in Sources */,
				89651FB529899484006F3CB7 /* LentaRSSFeedReader.xcdatamodeld in Sources */,
				89651FD6298C1EDF006F3CB7 /* NewsFeedViewController+Extension.swift in Sources */,
				89651FD2298B3D9A006F3CB7 /* NewsCell.swift in Sources */,
				89651FD8298C1F18006F3CB7 /* NewsFeedPresenter.swift in Sources */,
				89651FE3298C6949006F3CB7 /* NavBarFormatter.swift in Sources */,
				89651FEE298C6B6C006F3CB7 /* Fonts.swift in Sources */,
				89651FC42989A63C006F3CB7 /* NewsFeedViewController.swift in Sources */,
			);
			runOnlyForDeploymentPostprocessing = 0;
		};
/* End PBXSourcesBuildPhase section */

/* Begin PBXVariantGroup section */
		89651FB829899486006F3CB7 /* LaunchScreen.storyboard */ = {
			isa = PBXVariantGroup;
			children = (
				89651FB929899486006F3CB7 /* Base */,
			);
			name = LaunchScreen.storyboard;
			sourceTree = "<group>";
		};
/* End PBXVariantGroup section */

/* Begin XCBuildConfiguration section */
		89651FBC29899486006F3CB7 /* Debug */ = {
			isa = XCBuildConfiguration;
			buildSettings = {
				ALWAYS_SEARCH_USER_PATHS = NO;
				CLANG_ANALYZER_NONNULL = YES;
				CLANG_ANALYZER_NUMBER_OBJECT_CONVERSION = YES_AGGRESSIVE;
				CLANG_CXX_LANGUAGE_STANDARD = "gnu++20";
				CLANG_ENABLE_MODULES = YES;
				CLANG_ENABLE_OBJC_ARC = YES;
				CLANG_ENABLE_OBJC_WEAK = YES;
				CLANG_WARN_BLOCK_CAPTURE_AUTORELEASING = YES;
				CLANG_WARN_BOOL_CONVERSION = YES;
				CLANG_WARN_COMMA = YES;
				CLANG_WARN_CONSTANT_CONVERSION = YES;
				CLANG_WARN_DEPRECATED_OBJC_IMPLEMENTATIONS = YES;
				CLANG_WARN_DIRECT_OBJC_ISA_USAGE = YES_ERROR;
				CLANG_WARN_DOCUMENTATION_COMMENTS = YES;
				CLANG_WARN_EMPTY_BODY = YES;
				CLANG_WARN_ENUM_CONVERSION = YES;
				CLANG_WARN_INFINITE_RECURSION = YES;
				CLANG_WARN_INT_CONVERSION = YES;
				CLANG_WARN_NON_LITERAL_NULL_CONVERSION = YES;
				CLANG_WARN_OBJC_IMPLICIT_RETAIN_SELF = YES;
				CLANG_WARN_OBJC_LITERAL_CONVERSION = YES;
				CLANG_WARN_OBJC_ROOT_CLASS = YES_ERROR;
				CLANG_WARN_QUOTED_INCLUDE_IN_FRAMEWORK_HEADER = YES;
				CLANG_WARN_RANGE_LOOP_ANALYSIS = YES;
				CLANG_WARN_STRICT_PROTOTYPES = YES;
				CLANG_WARN_SUSPICIOUS_MOVE = YES;
				CLANG_WARN_UNGUARDED_AVAILABILITY = YES_AGGRESSIVE;
				CLANG_WARN_UNREACHABLE_CODE = YES;
				CLANG_WARN__DUPLICATE_METHOD_MATCH = YES;
				COPY_PHASE_STRIP = NO;
				DEBUG_INFORMATION_FORMAT = dwarf;
				ENABLE_STRICT_OBJC_MSGSEND = YES;
				ENABLE_TESTABILITY = YES;
				GCC_C_LANGUAGE_STANDARD = gnu11;
				GCC_DYNAMIC_NO_PIC = NO;
				GCC_NO_COMMON_BLOCKS = YES;
				GCC_OPTIMIZATION_LEVEL = 0;
				GCC_PREPROCESSOR_DEFINITIONS = (
					"DEBUG=1",
					"$(inherited)",
				);
				GCC_WARN_64_TO_32_BIT_CONVERSION = YES;
				GCC_WARN_ABOUT_RETURN_TYPE = YES_ERROR;
				GCC_WARN_UNDECLARED_SELECTOR = YES;
				GCC_WARN_UNINITIALIZED_AUTOS = YES_AGGRESSIVE;
				GCC_WARN_UNUSED_FUNCTION = YES;
				GCC_WARN_UNUSED_VARIABLE = YES;
				IPHONEOS_DEPLOYMENT_TARGET = 13.0;
				MTL_ENABLE_DEBUG_INFO = INCLUDE_SOURCE;
				MTL_FAST_MATH = YES;
				ONLY_ACTIVE_ARCH = YES;
				SDKROOT = iphoneos;
				SWIFT_ACTIVE_COMPILATION_CONDITIONS = DEBUG;
				SWIFT_OPTIMIZATION_LEVEL = "-Onone";
			};
			name = Debug;
		};
		89651FBD29899486006F3CB7 /* Release */ = {
			isa = XCBuildConfiguration;
			buildSettings = {
				ALWAYS_SEARCH_USER_PATHS = NO;
				CLANG_ANALYZER_NONNULL = YES;
				CLANG_ANALYZER_NUMBER_OBJECT_CONVERSION = YES_AGGRESSIVE;
				CLANG_CXX_LANGUAGE_STANDARD = "gnu++20";
				CLANG_ENABLE_MODULES = YES;
				CLANG_ENABLE_OBJC_ARC = YES;
				CLANG_ENABLE_OBJC_WEAK = YES;
				CLANG_WARN_BLOCK_CAPTURE_AUTORELEASING = YES;
				CLANG_WARN_BOOL_CONVERSION = YES;
				CLANG_WARN_COMMA = YES;
				CLANG_WARN_CONSTANT_CONVERSION = YES;
				CLANG_WARN_DEPRECATED_OBJC_IMPLEMENTATIONS = YES;
				CLANG_WARN_DIRECT_OBJC_ISA_USAGE = YES_ERROR;
				CLANG_WARN_DOCUMENTATION_COMMENTS = YES;
				CLANG_WARN_EMPTY_BODY = YES;
				CLANG_WARN_ENUM_CONVERSION = YES;
				CLANG_WARN_INFINITE_RECURSION = YES;
				CLANG_WARN_INT_CONVERSION = YES;
				CLANG_WARN_NON_LITERAL_NULL_CONVERSION = YES;
				CLANG_WARN_OBJC_IMPLICIT_RETAIN_SELF = YES;
				CLANG_WARN_OBJC_LITERAL_CONVERSION = YES;
				CLANG_WARN_OBJC_ROOT_CLASS = YES_ERROR;
				CLANG_WARN_QUOTED_INCLUDE_IN_FRAMEWORK_HEADER = YES;
				CLANG_WARN_RANGE_LOOP_ANALYSIS = YES;
				CLANG_WARN_STRICT_PROTOTYPES = YES;
				CLANG_WARN_SUSPICIOUS_MOVE = YES;
				CLANG_WARN_UNGUARDED_AVAILABILITY = YES_AGGRESSIVE;
				CLANG_WARN_UNREACHABLE_CODE = YES;
				CLANG_WARN__DUPLICATE_METHOD_MATCH = YES;
				COPY_PHASE_STRIP = NO;
				DEBUG_INFORMATION_FORMAT = "dwarf-with-dsym";
				ENABLE_NS_ASSERTIONS = NO;
				ENABLE_STRICT_OBJC_MSGSEND = YES;
				GCC_C_LANGUAGE_STANDARD = gnu11;
				GCC_NO_COMMON_BLOCKS = YES;
				GCC_WARN_64_TO_32_BIT_CONVERSION = YES;
				GCC_WARN_ABOUT_RETURN_TYPE = YES_ERROR;
				GCC_WARN_UNDECLARED_SELECTOR = YES;
				GCC_WARN_UNINITIALIZED_AUTOS = YES_AGGRESSIVE;
				GCC_WARN_UNUSED_FUNCTION = YES;
				GCC_WARN_UNUSED_VARIABLE = YES;
				IPHONEOS_DEPLOYMENT_TARGET = 13.0;
				MTL_ENABLE_DEBUG_INFO = NO;
				MTL_FAST_MATH = YES;
				SDKROOT = iphoneos;
				SWIFT_COMPILATION_MODE = wholemodule;
				SWIFT_OPTIMIZATION_LEVEL = "-O";
				VALIDATE_PRODUCT = YES;
			};
			name = Release;
		};
		89651FBF29899486006F3CB7 /* Debug */ = {
			isa = XCBuildConfiguration;
			baseConfigurationReference = 0C1A5E6E42669D340098D5D9 /* Pods-LentaRSSFeedReader.debug.xcconfig */;
			buildSettings = {
				ASSETCATALOG_COMPILER_APPICON_NAME = AppIcon;
				ASSETCATALOG_COMPILER_GLOBAL_ACCENT_COLOR_NAME = AccentColor;
				CODE_SIGN_STYLE = Automatic;
				CURRENT_PROJECT_VERSION = 1;
				DEVELOPMENT_TEAM = 97L2996NM5;
				GENERATE_INFOPLIST_FILE = YES;
				INFOPLIST_FILE = LentaRSSFeedReader/Info.plist;
				INFOPLIST_KEY_CFBundleDisplayName = LentaRSSFeedReader;
				INFOPLIST_KEY_UIApplicationSupportsIndirectInputEvents = YES;
				INFOPLIST_KEY_UILaunchStoryboardName = LaunchScreen;
				INFOPLIST_KEY_UISupportedInterfaceOrientations = UIInterfaceOrientationPortrait;
				INFOPLIST_KEY_UISupportedInterfaceOrientations_iPad = "UIInterfaceOrientationLandscapeLeft UIInterfaceOrientationLandscapeRight UIInterfaceOrientationPortrait UIInterfaceOrientationPortraitUpsideDown";
				IPHONEOS_DEPLOYMENT_TARGET = 13.0;
				LD_RUNPATH_SEARCH_PATHS = (
					"$(inherited)",
					"@executable_path/Frameworks",
				);
				MARKETING_VERSION = 1.0;
				PRODUCT_BUNDLE_IDENTIFIER = com.testapp.LentaRSSFeedReader;
				PRODUCT_NAME = "$(TARGET_NAME)";
				SUPPORTED_PLATFORMS = "iphoneos iphonesimulator";
				SUPPORTS_MACCATALYST = NO;
				SUPPORTS_MAC_DESIGNED_FOR_IPHONE_IPAD = NO;
				SWIFT_EMIT_LOC_STRINGS = YES;
				SWIFT_VERSION = 5.0;
				TARGETED_DEVICE_FAMILY = 1;
			};
			name = Debug;
		};
		89651FC029899486006F3CB7 /* Release */ = {
			isa = XCBuildConfiguration;
			baseConfigurationReference = 8DECE9873AE680E7E069CD0C /* Pods-LentaRSSFeedReader.release.xcconfig */;
			buildSettings = {
				ASSETCATALOG_COMPILER_APPICON_NAME = AppIcon;
				ASSETCATALOG_COMPILER_GLOBAL_ACCENT_COLOR_NAME = AccentColor;
				CODE_SIGN_STYLE = Automatic;
				CURRENT_PROJECT_VERSION = 1;
				DEVELOPMENT_TEAM = 97L2996NM5;
				GENERATE_INFOPLIST_FILE = YES;
				INFOPLIST_FILE = LentaRSSFeedReader/Info.plist;
				INFOPLIST_KEY_CFBundleDisplayName = LentaRSSFeedReader;
				INFOPLIST_KEY_UIApplicationSupportsIndirectInputEvents = YES;
				INFOPLIST_KEY_UILaunchStoryboardName = LaunchScreen;
				INFOPLIST_KEY_UISupportedInterfaceOrientations = UIInterfaceOrientationPortrait;
				INFOPLIST_KEY_UISupportedInterfaceOrientations_iPad = "UIInterfaceOrientationLandscapeLeft UIInterfaceOrientationLandscapeRight UIInterfaceOrientationPortrait UIInterfaceOrientationPortraitUpsideDown";
				IPHONEOS_DEPLOYMENT_TARGET = 13.0;
				LD_RUNPATH_SEARCH_PATHS = (
					"$(inherited)",
					"@executable_path/Frameworks",
				);
				MARKETING_VERSION = 1.0;
				PRODUCT_BUNDLE_IDENTIFIER = com.testapp.LentaRSSFeedReader;
				PRODUCT_NAME = "$(TARGET_NAME)";
				SUPPORTED_PLATFORMS = "iphoneos iphonesimulator";
				SUPPORTS_MACCATALYST = NO;
				SUPPORTS_MAC_DESIGNED_FOR_IPHONE_IPAD = NO;
				SWIFT_EMIT_LOC_STRINGS = YES;
				SWIFT_VERSION = 5.0;
				TARGETED_DEVICE_FAMILY = 1;
			};
			name = Release;
		};
/* End XCBuildConfiguration section */

/* Begin XCConfigurationList section */
		89651FA229899484006F3CB7 /* Build configuration list for PBXProject "LentaRSSFeedReader" */ = {
			isa = XCConfigurationList;
			buildConfigurations = (
				89651FBC29899486006F3CB7 /* Debug */,
				89651FBD29899486006F3CB7 /* Release */,
			);
			defaultConfigurationIsVisible = 0;
			defaultConfigurationName = Release;
		};
		89651FBE29899486006F3CB7 /* Build configuration list for PBXNativeTarget "LentaRSSFeedReader" */ = {
			isa = XCConfigurationList;
			buildConfigurations = (
				89651FBF29899486006F3CB7 /* Debug */,
				89651FC029899486006F3CB7 /* Release */,
			);
			defaultConfigurationIsVisible = 0;
			defaultConfigurationName = Release;
		};
/* End XCConfigurationList section */

/* Begin XCVersionGroup section */
		89651FB329899484006F3CB7 /* LentaRSSFeedReader.xcdatamodeld */ = {
			isa = XCVersionGroup;
			children = (
				89651FB429899484006F3CB7 /* LentaRSSFeedReader.xcdatamodel */,
			);
			currentVersion = 89651FB429899484006F3CB7 /* LentaRSSFeedReader.xcdatamodel */;
			path = LentaRSSFeedReader.xcdatamodeld;
			sourceTree = "<group>";
			versionGroupType = wrapper.xcdatamodel;
		};
/* End XCVersionGroup section */
	};
	rootObject = 89651F9F29899484006F3CB7 /* Project object */;
}
